
Microsoft Visual Studio Solution File, Format Version 12.00
# Visual Studio Version 16
VisualStudioVersion = 16.0.30114.105
MinimumVisualStudioVersion = 10.0.40219.1
Project("{9A19103F-16F7-4668-BE54-9A1E7A4F7556}") = "Pedidos.API", "Pedidos.Api\Pedidos.API.csproj", "{A6C859A0-F96F-435E-9E34-A7734D67236A}"
EndProject
Project("{2150E333-8FDC-42A3-9474-1A3956D46DE8}") = "Services", "Services", "{F7451317-A6E5-411B-8C93-0D778C250432}"
EndProject
Global
	GlobalSection(SolutionConfigurationPlatforms) = preSolution
		Debug|Any CPU = Debug|Any CPU
		Release|Any CPU = Release|Any CPU
	EndGlobalSection
	GlobalSection(ProjectConfigurationPlatforms) = postSolution
		{A6C859A0-F96F-435E-9E34-A7734D67236A}.Debug|Any CPU.ActiveCfg = Debug|Any CPU
		{A6C859A0-F96F-435E-9E34-A7734D67236A}.Debug|Any CPU.Build.0 = Debug|Any CPU
		{A6C859A0-F96F-435E-9E34-A7734D67236A}.Release|Any CPU.ActiveCfg = Release|Any CPU
		{A6C859A0-F96F-435E-9E34-A7734D67236A}.Release|Any CPU.Build.0 = Release|Any CPU
	EndGlobalSection
	GlobalSection(SolutionProperties) = preSolution
		HideSolutionNode = FALSE
	EndGlobalSection
	GlobalSection(NestedProjects) = preSolution
		{A6C859A0-F96F-435E-9E34-A7734D67236A} = {F7451317-A6E5-411B-8C93-0D778C250432}
	EndGlobalSection
	GlobalSection(ExtensibilityGlobals) = postSolution
		SolutionGuid = {6ABFAF89-E75F-49DA-B3D9-28AA2BBADFF8}
	EndGlobalSection
EndGlobal
